
Microsoft Visual Studio Solution File, Format Version 12.00
# Visual Studio Version 17
VisualStudioVersion = 17.0.31903.59
MinimumVisualStudioVersion = 10.0.40219.1
Project("{FAE04EC0-301F-11D3-BF4B-00C04F79EFBC}") = "Calc", "Calc\Calc.csproj", "{59FE5652-F828-4DE8-B1C5-EDDBCAB6B429}"
EndProject
Project("{FAE04EC0-301F-11D3-BF4B-00C04F79EFBC}") = "Calc.Tests", "Calc.Tests\Calc.Tests.csproj", "{6233AF33-F587-4731-BE11-9CA27CAB232A}"
EndProject
Global
	GlobalSection(SolutionConfigurationPlatforms) = preSolution
		Debug|Any CPU = Debug|Any CPU
		Release|Any CPU = Release|Any CPU
	EndGlobalSection
	GlobalSection(SolutionProperties) = preSolution
		HideSolutionNode = FALSE
	EndGlobalSection
	GlobalSection(ProjectConfigurationPlatforms) = postSolution
		{59FE5652-F828-4DE8-B1C5-EDDBCAB6B429}.Debug|Any CPU.ActiveCfg = Debug|Any CPU
		{59FE5652-F828-4DE8-B1C5-EDDBCAB6B429}.Debug|Any CPU.Build.0 = Debug|Any CPU
		{59FE5652-F828-4DE8-B1C5-EDDBCAB6B429}.Release|Any CPU.ActiveCfg = Release|Any CPU
		{59FE5652-F828-4DE8-B1C5-EDDBCAB6B429}.Release|Any CPU.Build.0 = Release|Any CPU
		{6233AF33-F587-4731-BE11-9CA27CAB232A}.Debug|Any CPU.ActiveCfg = Debug|Any CPU
		{6233AF33-F587-4731-BE11-9CA27CAB232A}.Debug|Any CPU.Build.0 = Debug|Any CPU
		{6233AF33-F587-4731-BE11-9CA27CAB232A}.Release|Any CPU.ActiveCfg = Release|Any CPU
		{6233AF33-F587-4731-BE11-9CA27CAB232A}.Release|Any CPU.Build.0 = Release|Any CPU
	EndGlobalSection
EndGlobal
